
Microsoft Visual Studio Solution File, Format Version 12.00
# Visual Studio Version 16
VisualStudioVersion = 16.0.29613.14
MinimumVisualStudioVersion = 10.0.40219.1
Project("{9A19103F-16F7-4668-BE54-9A1E7A4F7556}") = "CardDeck", "CardDeck.csproj", "{AA122760-7CB9-4F06-AD68-C4DA607063DD}"
EndProject
Global
	GlobalSection(SolutionConfigurationPlatforms) = preSolution
		Debug|Any CPU = Debug|Any CPU
		Release|Any CPU = Release|Any CPU
	EndGlobalSection
	GlobalSection(ProjectConfigurationPlatforms) = postSolution
		{AA122760-7CB9-4F06-AD68-C4DA607063DD}.Debug|Any CPU.ActiveCfg = Debug|Any CPU
		{AA122760-7CB9-4F06-AD68-C4DA607063DD}.Debug|Any CPU.Build.0 = Debug|Any CPU
		{AA122760-7CB9-4F06-AD68-C4DA607063DD}.Release|Any CPU.ActiveCfg = Release|Any CPU
		{AA122760-7CB9-4F06-AD68-C4DA607063DD}.Release|Any CPU.Build.0 = Release|Any CPU
	EndGlobalSection
	GlobalSection(SolutionProperties) = preSolution
		HideSolutionNode = FALSE
	EndGlobalSection
	GlobalSection(ExtensibilityGlobals) = postSolution
		SolutionGuid = {7048A764-9D68-463B-8D3C-908E05902D44}
	EndGlobalSection
EndGlobal
